
Microsoft Visual Studio Solution File, Format Version 12.00
# Visual Studio Version 16
VisualStudioVersion = 16.0.33214.272
MinimumVisualStudioVersion = 10.0.40219.1
Project("{FAE04EC0-301F-11D3-BF4B-00C04F79EFBC}") = "Employee_CRUD_Scaffolding", "Employee_CRUD_Scaffolding\Employee_CRUD_Scaffolding.csproj", "{59E54D6E-60B6-4F5C-A948-23F5AB89B47F}"
EndProject
Global
	GlobalSection(SolutionConfigurationPlatforms) = preSolution
		Debug|Any CPU = Debug|Any CPU
		Release|Any CPU = Release|Any CPU
	EndGlobalSection
	GlobalSection(ProjectConfigurationPlatforms) = postSolution
		{59E54D6E-60B6-4F5C-A948-23F5AB89B47F}.Debug|Any CPU.ActiveCfg = Debug|Any CPU
		{59E54D6E-60B6-4F5C-A948-23F5AB89B47F}.Debug|Any CPU.Build.0 = Debug|Any CPU
		{59E54D6E-60B6-4F5C-A948-23F5AB89B47F}.Release|Any CPU.ActiveCfg = Release|Any CPU
		{59E54D6E-60B6-4F5C-A948-23F5AB89B47F}.Release|Any CPU.Build.0 = Release|Any CPU
	EndGlobalSection
	GlobalSection(SolutionProperties) = preSolution
		HideSolutionNode = FALSE
	EndGlobalSection
	GlobalSection(ExtensibilityGlobals) = postSolution
		SolutionGuid = {F3B4D41E-2F7A-47D1-82D8-035334BDB240}
	EndGlobalSection
EndGlobal
